
Microsoft Visual Studio Solution File, Format Version 12.00
# Visual Studio Version 17
VisualStudioVersion = 17.11.35303.130
MinimumVisualStudioVersion = 10.0.40219.1
Project("{FAE04EC0-301F-11D3-BF4B-00C04F79EFBC}") = "oop-assignment-2-A-2024-74491", "oop-assignment-2-A-2024-74491.csproj", "{701DF300-6CB6-47CB-931D-C2D4E61C1814}"
EndProject
Global
	GlobalSection(SolutionConfigurationPlatforms) = preSolution
		Debug|Any CPU = Debug|Any CPU
		Release|Any CPU = Release|Any CPU
	EndGlobalSection
	GlobalSection(ProjectConfigurationPlatforms) = postSolution
		{701DF300-6CB6-47CB-931D-C2D4E61C1814}.Debug|Any CPU.ActiveCfg = Debug|Any CPU
		{701DF300-6CB6-47CB-931D-C2D4E61C1814}.Debug|Any CPU.Build.0 = Debug|Any CPU
		{701DF300-6CB6-47CB-931D-C2D4E61C1814}.Release|Any CPU.ActiveCfg = Release|Any CPU
		{701DF300-6CB6-47CB-931D-C2D4E61C1814}.Release|Any CPU.Build.0 = Release|Any CPU
	EndGlobalSection
	GlobalSection(SolutionProperties) = preSolution
		HideSolutionNode = FALSE
	EndGlobalSection
	GlobalSection(ExtensibilityGlobals) = postSolution
		SolutionGuid = {EFF1E927-EE21-45F5-9436-60DFACD8F7DF}
	EndGlobalSection
EndGlobal
